github.com/google/uuid v1.2.0 h1:qJYtXnJRWmpe7m/3XlyhrsLrEURqHRM2kxzoxXqyUDs=
github.com/google/uuid v1.2.0/go.mod h1:TIyPZe4MgqvfeYDBFedMoGGpEw/LqOeaOT+nhxU+yHo=
github.com/hbollon/go-tuplespace v0.1.1 h1:r9uqLrfiqxzv6RSnj9KThzZvbWwgTUbE81toVYpd6z4=
github.com/hbollon/go-tuplespace v0.1.1/go.mod h1:ybE+SKmkBwYZkajM594MOK0vW3tCcDjNDteUsqdXWT8=
